PODS:
  - device_info_plus (0.0.1):
    - Flutter
  - Flutter (1.0.0)
  - flutter_webview_plugin (0.0.1):
    - Flutter
  - fluwx (0.0.1):
    - Flutter
    - "OpenWeChatSDK (~> 1.9.2+1)"
  - image_picker_ios (0.0.1):
    - Flutter
  - "OpenWeChatSDK (1.9.2+1)"
  - permission_handler_apple (9.0.4):
    - Flutter
  - webview_flutter_wkwebview (0.0.1):
    - Flutter

DEPENDENCIES:
  - device_info_plus (from `.symlinks/plugins/device_info_plus/ios`)
  - Flutter (from `Flutter`)
  - flutter_webview_plugin (from `.symlinks/plugins/flutter_webview_plugin/ios`)
  - fluwx (from `.symlinks/plugins/fluwx/ios`)
  - image_picker_ios (from `.symlinks/plugins/image_picker_ios/ios`)
  - permission_handler_apple (from `.symlinks/plugins/permission_handler_apple/ios`)
  - webview_flutter_wkwebview (from `.symlinks/plugins/webview_flutter_wkwebview/ios`)

SPEC REPOS:
  trunk:
    - OpenWeChatSDK

EXTERNAL SOURCES:
  device_info_plus:
    :path: ".symlinks/plugins/device_info_plus/ios"
  Flutter:
    :path: Flutter
  flutter_webview_plugin:
    :path: ".symlinks/plugins/flutter_webview_plugin/ios"
  fluwx:
    :path: ".symlinks/plugins/fluwx/ios"
  image_picker_ios:
    :path: ".symlinks/plugins/image_picker_ios/ios"
  permission_handler_apple:
    :path: ".symlinks/plugins/permission_handler_apple/ios"
  webview_flutter_wkwebview:
    :path: ".symlinks/plugins/webview_flutter_wkwebview/ios"

SPEC CHECKSUMS:
  device_info_plus: e5c5da33f982a436e103237c0c85f9031142abed
  Flutter: 405776dd0763d7e32a8f989d4e271ca1317d080c
  flutter_webview_plugin: ed9e8a6a96baf0c867e90e1bce2673913eeac694
  fluwx: 79c66b6d795ab8208262ada215d9e60388cfe492
  image_picker_ios: b786a5dcf033a8336a657191401bfdf12017dabb
  OpenWeChatSDK: 67375e7d4154c22f7ba6b1c334b121473e7d515c
  permission_handler_apple: 44366e37eaf29454a1e7b1b7d736c2cceaeb17ce
  webview_flutter_wkwebview: b7e70ef1ddded7e69c796c7390ee74180182971f

PODFILE CHECKSUM: c92a5bb3b4ea5bd3ea345a4ed1da6135da5b9da1

COCOAPODS: 1.11.3
